
Microsoft Visual Studio Solution File, Format Version 12.00
# Visual Studio 15
VisualStudioVersion = 15.0.27703.2018
MinimumVisualStudioVersion = 10.0.40219.1
Project("{9A19103F-16F7-4668-BE54-9A1E7A4F7556}") = "aspnetcoreWebApp", "aspnetcoreWebApp\aspnetcoreWebApp.csproj", "{C43D280E-6B1A-4E3C-90B5-D92FA5B54A36}"
EndProject
Project("{9A19103F-16F7-4668-BE54-9A1E7A4F7556}") = "aspnetcoreConsole", "aspnetcoreConsole\aspnetcoreConsole.csproj", "{851725A7-960A-4C60-BFC3-627BF52DAD7D}"
EndProject
Global
	GlobalSection(SolutionConfigurationPlatforms) = preSolution
		Debug|Any CPU = Debug|Any CPU
		Release|Any CPU = Release|Any CPU
	EndGlobalSection
	GlobalSection(ProjectConfigurationPlatforms) = postSolution
		{C43D280E-6B1A-4E3C-90B5-D92FA5B54A36}.Debug|Any CPU.ActiveCfg = Debug|Any CPU
		{C43D280E-6B1A-4E3C-90B5-D92FA5B54A36}.Debug|Any CPU.Build.0 = Debug|Any CPU
		{C43D280E-6B1A-4E3C-90B5-D92FA5B54A36}.Release|Any CPU.ActiveCfg = Release|Any CPU
		{C43D280E-6B1A-4E3C-90B5-D92FA5B54A36}.Release|Any CPU.Build.0 = Release|Any CPU
		{851725A7-960A-4C60-BFC3-627BF52DAD7D}.Debug|Any CPU.ActiveCfg = Debug|Any CPU
		{851725A7-960A-4C60-BFC3-627BF52DAD7D}.Debug|Any CPU.Build.0 = Debug|Any CPU
		{851725A7-960A-4C60-BFC3-627BF52DAD7D}.Release|Any CPU.ActiveCfg = Release|Any CPU
		{851725A7-960A-4C60-BFC3-627BF52DAD7D}.Release|Any CPU.Build.0 = Release|Any CPU
	EndGlobalSection
	GlobalSection(SolutionProperties) = preSolution
		HideSolutionNode = FALSE
	EndGlobalSection
	GlobalSection(ExtensibilityGlobals) = postSolution
		SolutionGuid = {0C2C27F4-842A-4B23-A9AB-39FB643C7BA6}
	EndGlobalSection
EndGlobal
